
Microsoft Visual Studio Solution File, Format Version 12.00
# Visual Studio 15
VisualStudioVersion = 15.0.28307.421
MinimumVisualStudioVersion = 10.0.40219.1
Project("{9A19103F-16F7-4668-BE54-9A1E7A4F7556}") = "HRIS.Service", "HRIS.Service\HRIS.Service.csproj", "{A3EE6331-B217-44A5-BF23-48493D630557}"
	ProjectSection(ProjectDependencies) = postProject
		{4472CE16-BED8-4691-928D-7FBE1A68DC35} = {4472CE16-BED8-4691-928D-7FBE1A68DC35}
		{6BC54E32-C4C1-44BF-B206-4A4D47B017D0} = {6BC54E32-C4C1-44BF-B206-4A4D47B017D0}
		{781B6E59-BE4B-4022-AD0F-78058BD865C3} = {781B6E59-BE4B-4022-AD0F-78058BD865C3}
		{6911D869-F680-4ECD-8E12-F2C994613869} = {6911D869-F680-4ECD-8E12-F2C994613869}
		{21C4D688-6B38-4EB3-B76D-927F07A7EA99} = {21C4D688-6B38-4EB3-B76D-927F07A7EA99}
		{3BB00B9E-6004-45B3-8117-FD4C373A1C25} = {3BB00B9E-6004-45B3-8117-FD4C373A1C25}
		{A28F9BF1-4342-4C04-B9B5-C8E1DC42A79B} = {A28F9BF1-4342-4C04-B9B5-C8E1DC42A79B}
	EndProjectSection
EndProject
Project("{9A19103F-16F7-4668-BE54-9A1E7A4F7556}") = "HRIS.General", "HRIS.General\HRIS.General.csproj", "{781B6E59-BE4B-4022-AD0F-78058BD865C3}"
EndProject
Project("{9A19103F-16F7-4668-BE54-9A1E7A4F7556}") = "HRIS.TimeManagement.Model", "HRIS.TimeManagementModel\HRIS.TimeManagement.Model.csproj", "{3BB00B9E-6004-45B3-8117-FD4C373A1C25}"
EndProject
Project("{9A19103F-16F7-4668-BE54-9A1E7A4F7556}") = "HRIS.PersonalAdmin.Model", "HRIS.PersonalAdmin.Model\HRIS.PersonalAdmin.Model.csproj", "{4472CE16-BED8-4691-928D-7FBE1A68DC35}"
	ProjectSection(ProjectDependencies) = postProject
		{781B6E59-BE4B-4022-AD0F-78058BD865C3} = {781B6E59-BE4B-4022-AD0F-78058BD865C3}
	EndProjectSection
EndProject
Project("{9A19103F-16F7-4668-BE54-9A1E7A4F7556}") = "HRIS.Payroll.Model", "HRIS.Payroll.Model\HRIS.Payroll.Model.csproj", "{21C4D688-6B38-4EB3-B76D-927F07A7EA99}"
	ProjectSection(ProjectDependencies) = postProject
		{781B6E59-BE4B-4022-AD0F-78058BD865C3} = {781B6E59-BE4B-4022-AD0F-78058BD865C3}
	EndProjectSection
EndProject
Project("{9A19103F-16F7-4668-BE54-9A1E7A4F7556}") = "HRIS.Master.Model", "HRIS.Master.Model\HRIS.Master.Model.csproj", "{6911D869-F680-4ECD-8E12-F2C994613869}"
EndProject
Project("{9A19103F-16F7-4668-BE54-9A1E7A4F7556}") = "HRIS.UserManagement.Model", "HRIS.UserManagement.Model\HRIS.UserManagement.Model.csproj", "{A28F9BF1-4342-4C04-B9B5-C8E1DC42A79B}"
EndProject
Project("{9A19103F-16F7-4668-BE54-9A1E7A4F7556}") = "HRIS.Web", "HRIS.Web\HRIS.Web.csproj", "{89CD8FF9-DCC9-42BA-9639-1A194481F042}"
EndProject
Project("{FAE04EC0-301F-11D3-BF4B-00C04F79EFBC}") = "HRIS.Tax.Model", "HRIS.Tax.Model\HRIS.Tax.Model.csproj", "{6BC54E32-C4C1-44BF-B206-4A4D47B017D0}"
EndProject
Global
	GlobalSection(SolutionConfigurationPlatforms) = preSolution
		Debug|Any CPU = Debug|Any CPU
		Release|Any CPU = Release|Any CPU
	EndGlobalSection
	GlobalSection(ProjectConfigurationPlatforms) = postSolution
		{A3EE6331-B217-44A5-BF23-48493D630557}.Debug|Any CPU.ActiveCfg = Debug|Any CPU
		{A3EE6331-B217-44A5-BF23-48493D630557}.Debug|Any CPU.Build.0 = Debug|Any CPU
		{A3EE6331-B217-44A5-BF23-48493D630557}.Release|Any CPU.ActiveCfg = Release|Any CPU
		{A3EE6331-B217-44A5-BF23-48493D630557}.Release|Any CPU.Build.0 = Release|Any CPU
		{781B6E59-BE4B-4022-AD0F-78058BD865C3}.Debug|Any CPU.ActiveCfg = Debug|Any CPU
		{781B6E59-BE4B-4022-AD0F-78058BD865C3}.Debug|Any CPU.Build.0 = Debug|Any CPU
		{781B6E59-BE4B-4022-AD0F-78058BD865C3}.Release|Any CPU.ActiveCfg = Release|Any CPU
		{781B6E59-BE4B-4022-AD0F-78058BD865C3}.Release|Any CPU.Build.0 = Release|Any CPU
		{3BB00B9E-6004-45B3-8117-FD4C373A1C25}.Debug|Any CPU.ActiveCfg = Debug|Any CPU
		{3BB00B9E-6004-45B3-8117-FD4C373A1C25}.Debug|Any CPU.Build.0 = Debug|Any CPU
		{3BB00B9E-6004-45B3-8117-FD4C373A1C25}.Release|Any CPU.ActiveCfg = Release|Any CPU
		{3BB00B9E-6004-45B3-8117-FD4C373A1C25}.Release|Any CPU.Build.0 = Release|Any CPU
		{4472CE16-BED8-4691-928D-7FBE1A68DC35}.Debug|Any CPU.ActiveCfg = Debug|Any CPU
		{4472CE16-BED8-4691-928D-7FBE1A68DC35}.Debug|Any CPU.Build.0 = Debug|Any CPU
		{4472CE16-BED8-4691-928D-7FBE1A68DC35}.Release|Any CPU.ActiveCfg = Release|Any CPU
		{4472CE16-BED8-4691-928D-7FBE1A68DC35}.Release|Any CPU.Build.0 = Release|Any CPU
		{21C4D688-6B38-4EB3-B76D-927F07A7EA99}.Debug|Any CPU.ActiveCfg = Debug|Any CPU
		{21C4D688-6B38-4EB3-B76D-927F07A7EA99}.Debug|Any CPU.Build.0 = Debug|Any CPU
		{21C4D688-6B38-4EB3-B76D-927F07A7EA99}.Release|Any CPU.ActiveCfg = Release|Any CPU
		{21C4D688-6B38-4EB3-B76D-927F07A7EA99}.Release|Any CPU.Build.0 = Release|Any CPU
		{6911D869-F680-4ECD-8E12-F2C994613869}.Debug|Any CPU.ActiveCfg = Debug|Any CPU
		{6911D869-F680-4ECD-8E12-F2C994613869}.Debug|Any CPU.Build.0 = Debug|Any CPU
		{6911D869-F680-4ECD-8E12-F2C994613869}.Release|Any CPU.ActiveCfg = Release|Any CPU
		{6911D869-F680-4ECD-8E12-F2C994613869}.Release|Any CPU.Build.0 = Release|Any CPU
		{A28F9BF1-4342-4C04-B9B5-C8E1DC42A79B}.Debug|Any CPU.ActiveCfg = Debug|Any CPU
		{A28F9BF1-4342-4C04-B9B5-C8E1DC42A79B}.Debug|Any CPU.Build.0 = Debug|Any CPU
		{A28F9BF1-4342-4C04-B9B5-C8E1DC42A79B}.Release|Any CPU.ActiveCfg = Release|Any CPU
		{A28F9BF1-4342-4C04-B9B5-C8E1DC42A79B}.Release|Any CPU.Build.0 = Release|Any CPU
		{89CD8FF9-DCC9-42BA-9639-1A194481F042}.Debug|Any CPU.ActiveCfg = Debug|Any CPU
		{89CD8FF9-DCC9-42BA-9639-1A194481F042}.Debug|Any CPU.Build.0 = Debug|Any CPU
		{89CD8FF9-DCC9-42BA-9639-1A194481F042}.Release|Any CPU.ActiveCfg = Release|Any CPU
		{89CD8FF9-DCC9-42BA-9639-1A194481F042}.Release|Any CPU.Build.0 = Release|Any CPU
		{6BC54E32-C4C1-44BF-B206-4A4D47B017D0}.Debug|Any CPU.ActiveCfg = Debug|Any CPU
		{6BC54E32-C4C1-44BF-B206-4A4D47B017D0}.Debug|Any CPU.Build.0 = Debug|Any CPU
		{6BC54E32-C4C1-44BF-B206-4A4D47B017D0}.Release|Any CPU.ActiveCfg = Release|Any CPU
		{6BC54E32-C4C1-44BF-B206-4A4D47B017D0}.Release|Any CPU.Build.0 = Release|Any CPU
	EndGlobalSection
	GlobalSection(SolutionProperties) = preSolution
		HideSolutionNode = FALSE
	EndGlobalSection
	GlobalSection(ExtensibilityGlobals) = postSolution
		SolutionGuid = {2AA0CA9B-B36D-483D-8365-2387D83F904B}
	EndGlobalSection
EndGlobal
